// !$*UTF8*$!
{
	archiveVersion = 1;
	classes = {
	};
	objectVersion = 56;
	objects = {

/* Begin PBXBuildFile section */
		AA000001000000000000001 /* SaintOfTheDayApp.swift in Sources */ = {isa = PBXBuildFile; fileRef = AA000001000000000000101 /* SaintOfTheDayApp.swift */; };
		AA000001000000000000002 /* Saint.swift in Sources */ = {isa = PBXBuildFile; fileRef = AA000001000000000000102 /* Saint.swift */; };
		AA000001000000000000003 /* SaintSection.swift in Sources */ = {isa = PBXBuildFile; fileRef = AA000001000000000000103 /* SaintSection.swift */; };
		AA000001000000000000004 /* VaticanNewsService.swift in Sources */ = {isa = PBXBuildFile; fileRef = AA000001000000000000104 /* VaticanNewsService.swift */; };
		AA000001000000000000005 /* WikipediaService.swift in Sources */ = {isa = PBXBuildFile; fileRef = AA000001000000000000105 /* WikipediaService.swift */; };
		AA000001000000000000006 /* SaintRepository.swift in Sources */ = {isa = PBXBuildFile; fileRef = AA000001000000000000106 /* SaintRepository.swift */; };
		AA000001000000000000007 /* CacheService.swift in Sources */ = {isa = PBXBuildFile; fileRef = AA000001000000000000107 /* CacheService.swift */; };
		AA000001000000000000008 /* NotificationService.swift in Sources */ = {isa = PBXBuildFile; fileRef = AA000001000000000000108 /* NotificationService.swift */; };
		AA000001000000000000009 /* TodayViewModel.swift in Sources */ = {isa = PBXBuildFile; fileRef = AA000001000000000000109 /* TodayViewModel.swift */; };
		AA000001000000000000010 /* SettingsViewModel.swift in Sources */ = {isa = PBXBuildFile; fileRef = AA000001000000000000110 /* SettingsViewModel.swift */; };
		AA000001000000000000011 /* RootView.swift in Sources */ = {isa = PBXBuildFile; fileRef = AA000001000000000000111 /* RootView.swift */; };
		AA000001000000000000012 /* TodayView.swift in Sources */ = {isa = PBXBuildFile; fileRef = AA000001000000000000112 /* TodayView.swift */; };
		AA000001000000000000013 /* SaintHeroCard.swift in Sources */ = {isa = PBXBuildFile; fileRef = AA000001000000000000113 /* SaintHeroCard.swift */; };
		AA000001000000000000014 /* QuickBioSnippet.swift in Sources */ = {isa = PBXBuildFile; fileRef = AA000001000000000000114 /* QuickBioSnippet.swift */; };
		AA000001000000000000015 /* SaintDetailView.swift in Sources */ = {isa = PBXBuildFile; fileRef = AA000001000000000000115 /* SaintDetailView.swift */; };
		AA000001000000000000016 /* SaintSectionView.swift in Sources */ = {isa = PBXBuildFile; fileRef = AA000001000000000000116 /* SaintSectionView.swift */; };
		AA000001000000000000017 /* SaintImageView.swift in Sources */ = {isa = PBXBuildFile; fileRef = AA000001000000000000117 /* SaintImageView.swift */; };
		AA000001000000000000018 /* OnboardingView.swift in Sources */ = {isa = PBXBuildFile; fileRef = AA000001000000000000118 /* OnboardingView.swift */; };
		AA000001000000000000019 /* SettingsView.swift in Sources */ = {isa = PBXBuildFile; fileRef = AA000001000000000000119 /* SettingsView.swift */; };
		AA000001000000000000020 /* ParchmentBackground.swift in Sources */ = {isa = PBXBuildFile; fileRef = AA000001000000000000120 /* ParchmentBackground.swift */; };
		AA000001000000000000021 /* GoldDivider.swift in Sources */ = {isa = PBXBuildFile; fileRef = AA000001000000000000121 /* GoldDivider.swift */; };
		AA000001000000000000022 /* LoadingView.swift in Sources */ = {isa = PBXBuildFile; fileRef = AA000001000000000000122 /* LoadingView.swift */; };
		AA000001000000000000023 /* ErrorView.swift in Sources */ = {isa = PBXBuildFile; fileRef = AA000001000000000000123 /* ErrorView.swift */; };
		AA000001000000000000024 /* Color+Theme.swift in Sources */ = {isa = PBXBuildFile; fileRef = AA000001000000000000124 /* Color+Theme.swift */; };
		AA000001000000000000025 /* Font+Theme.swift in Sources */ = {isa = PBXBuildFile; fileRef = AA000001000000000000125 /* Font+Theme.swift */; };
		AA000001000000000000026 /* View+CardStyle.swift in Sources */ = {isa = PBXBuildFile; fileRef = AA000001000000000000126 /* View+CardStyle.swift */; };
		AA000001000000000000027 /* Assets.xcassets in Resources */ = {isa = PBXBuildFile; fileRef = AA000001000000000000127 /* Assets.xcassets */; };
		AA000001000000000000028 /* SaintPageView.swift in Sources */ = {isa = PBXBuildFile; fileRef = AA000001000000000000129 /* SaintPageView.swift */; };
		AA000001000000000000029 /* FlipButton.swift in Sources */ = {isa = PBXBuildFile; fileRef = AA000001000000000000130 /* FlipButton.swift */; };
		AA000001000000000000030 /* PageFlipContainer.swift in Sources */ = {isa = PBXBuildFile; fileRef = AA000001000000000000131 /* PageFlipContainer.swift */; };
		AA000001000000000000031 /* DailyReading.swift in Sources */ = {isa = PBXBuildFile; fileRef = AA000001000000000000132 /* DailyReading.swift */; };
		AA000001000000000000032 /* LiturgicalDay.swift in Sources */ = {isa = PBXBuildFile; fileRef = AA000001000000000000133 /* LiturgicalDay.swift */; };
		AA000001000000000000033 /* DailyPrayer.swift in Sources */ = {isa = PBXBuildFile; fileRef = AA000001000000000000134 /* DailyPrayer.swift */; };
		AA000001000000000000034 /* prayers.json in Resources */ = {isa = PBXBuildFile; fileRef = AA000001000000000000135 /* prayers.json */; };
		AA000001000000000000035 /* ReadingsService.swift in Sources */ = {isa = PBXBuildFile; fileRef = AA000001000000000000136 /* ReadingsService.swift */; };
		AA000001000000000000036 /* LiturgicalCalendarService.swift in Sources */ = {isa = PBXBuildFile; fileRef = AA000001000000000000137 /* LiturgicalCalendarService.swift */; };
		AA000001000000000000037 /* MenuButton.swift in Sources */ = {isa = PBXBuildFile; fileRef = AA000001000000000000138 /* MenuButton.swift */; };
		AA000001000000000000038 /* MenuSheet.swift in Sources */ = {isa = PBXBuildFile; fileRef = AA000001000000000000139 /* MenuSheet.swift */; };
		AA000001000000000000039 /* DailyPrayerView.swift in Sources */ = {isa = PBXBuildFile; fileRef = AA000001000000000000140 /* DailyPrayerView.swift */; };
		AA000001000000000000040 /* DailyReadingsView.swift in Sources */ = {isa = PBXBuildFile; fileRef = AA000001000000000000141 /* DailyReadingsView.swift */; };
		AA000001000000000000041 /* LiturgicalCalendarView.swift in Sources */ = {isa = PBXBuildFile; fileRef = AA000001000000000000142 /* LiturgicalCalendarView.swift */; };
		AA000001000000000000042 /* ShimmerView.swift in Sources */ = {isa = PBXBuildFile; fileRef = AA000001000000000000143 /* ShimmerView.swift */; };
		AA000001000000000000043 /* SaintShareCard.swift in Sources */ = {isa = PBXBuildFile; fileRef = AA000001000000000000144 /* SaintShareCard.swift */; };
		AA000001000000000000044 /* View+RevealOnAppear.swift in Sources */ = {isa = PBXBuildFile; fileRef = AA000001000000000000145 /* View+RevealOnAppear.swift */; };
		AA000001000000000000045 /* AppIconView.swift in Sources */ = {isa = PBXBuildFile; fileRef = AA000001000000000000146 /* AppIconView.swift */; };
		AA000001000000000000046 /* AppIconExporter.swift in Sources */ = {isa = PBXBuildFile; fileRef = AA000001000000000000147 /* AppIconExporter.swift */; };
		AA000001000000000000047 /* DatePickerOverlay.swift in Sources */ = {isa = PBXBuildFile; fileRef = AA000001000000000000149 /* DatePickerOverlay.swift */; };
		B1090BE42F86C42B00672177 /* SaintQuoteCard.swift in Sources */ = {isa = PBXBuildFile; fileRef = B1090BE32F86C42B00672177 /* SaintQuoteCard.swift */; };
		B1090BE72F86D91A00672177 /* SavedSaintsStore.swift in Sources */ = {isa = PBXBuildFile; fileRef = B1090BE62F86D91A00672177 /* SavedSaintsStore.swift */; };
		B1090BE92F86D91A00672177 /* SavedView.swift in Sources */ = {isa = PBXBuildFile; fileRef = B1090BE82F86D91A00672177 /* SavedView.swift */; };
		B1090BEB2F86E64900672177 /* AppRouter.swift in Sources */ = {isa = PBXBuildFile; fileRef = B1090BEA2F86E64900672177 /* AppRouter.swift */; };
		B1090BED2F86E64900672177 /* SaintScreenView.swift in Sources */ = {isa = PBXBuildFile; fileRef = B1090BEC2F86E64900672177 /* SaintScreenView.swift */; };
		B1090BEF2F86EB0A00672177 /* SaintQuoteService.swift in Sources */ = {isa = PBXBuildFile; fileRef = B1090BEE2F86EB0A00672177 /* SaintQuoteService.swift */; };
		B1090BF12F86EB0A00672177 /* saint_quotes.json in Resources */ = {isa = PBXBuildFile; fileRef = B1090BF02F86EB0A00672177 /* saint_quotes.json */; };
		B1090BF32F87FA0E00672177 /* GuidedRosaryMeditationsView.swift in Sources */ = {isa = PBXBuildFile; fileRef = B1090BF22F87FA0E00672177 /* GuidedRosaryMeditationsView.swift */; };
		B1090BF52F88242A00672177 /* CatholicEncyclopediaService.swift in Sources */ = {isa = PBXBuildFile; fileRef = B1090BF42F88242A00672177 /* CatholicEncyclopediaService.swift */; };
		B1090BF72F88294300672177 /* FranciscanMediaService.swift in Sources */ = {isa = PBXBuildFile; fileRef = B1090BF62F88294300672177 /* FranciscanMediaService.swift */; };
		B1090BF92F88508D00672177 /* SaintProfileService.swift in Sources */ = {isa = PBXBuildFile; fileRef = B1090BF82F88508D00672177 /* SaintProfileService.swift */; };
		B1090BFB2F89364C00672177 /* saint_profiles.json in Resources */ = {isa = PBXBuildFile; fileRef = B1090BFA2F89364C00672177 /* saint_profiles.json */; };
		B1090BFD2F893E6000672177 /* PrayerService.swift in Sources */ = {isa = PBXBuildFile; fileRef = B1090BFC2F893E6000672177 /* PrayerService.swift */; };
		B1090BFF2F893E6A00672177 /* SavedPrayersStore.swift in Sources */ = {isa = PBXBuildFile; fileRef = B1090BFE2F893E6A00672177 /* SavedPrayersStore.swift */; };
		B1090C012F893E7600672177 /* PrayerViewModel.swift in Sources */ = {isa = PBXBuildFile; fileRef = B1090C002F893E7600672177 /* PrayerViewModel.swift */; };
		B1090C042F89436200672177 /* PrayerView.swift in Sources */ = {isa = PBXBuildFile; fileRef = B1090C032F89436200672177 /* PrayerView.swift */; };
		B1090C062F89439000672177 /* PrayerLibraryView.swift in Sources */ = {isa = PBXBuildFile; fileRef = B1090C052F89439000672177 /* PrayerLibraryView.swift */; };
		B1090C082F8E8C0200672177 /* SaintCardFallbackService.swift in Sources */ = {isa = PBXBuildFile; fileRef = B1090C072F8E8C0200672177 /* SaintCardFallbackService.swift */; };
		B1090C0A2F8E8C0200672177 /* saint_card_fallbacks.json in Resources */ = {isa = PBXBuildFile; fileRef = B1090C092F8E8C0200672177 /* saint_card_fallbacks.json */; };
		AA000001000000000000053 /* SaintOfTheDayWidget.swift in Sources */ = {isa = PBXBuildFile; fileRef = AA000001000000000000150 /* SaintOfTheDayWidget.swift */; };
		AA000001000000000000054 /* SaintWidgetBundle.swift in Sources */ = {isa = PBXBuildFile; fileRef = AA000001000000000000151 /* SaintWidgetBundle.swift */; };
		AA000001000000000000055 /* SaintWidgetDataBridge.swift in Sources */ = {isa = PBXBuildFile; fileRef = AA000001000000000000154 /* SaintWidgetDataBridge.swift */; };
		AA000001000000000000056 /* SaintOfTheDayWidget.appex in Embed App Extensions */ = {isa = PBXBuildFile; fileRef = AA000001000000000000155 /* SaintOfTheDayWidget.appex */; settings = {ATTRIBUTES = (RemoveHeadersOnCopy, ); }; };
/* End PBXBuildFile section */

/* Begin PBXFileReference section */
		AA000001000000000000100 /* Sancta | Catholic Prayer App.app */ = {isa = PBXFileReference; explicitFileType = wrapper.application; includeInIndex = 0; path = "Sancta | Catholic Prayer App.app"; sourceTree = BUILT_PRODUCTS_DIR; };
		AA000001000000000000101 /* SaintOfTheDayApp.swift */ = {isa = PBXFileReference; lastKnownFileType = sourcecode.swift; path = SaintOfTheDayApp.swift; sourceTree = "<group>"; };
		AA000001000000000000102 /* Saint.swift */ = {isa = PBXFileReference; lastKnownFileType = sourcecode.swift; path = Saint.swift; sourceTree = "<group>"; };
		AA000001000000000000103 /* SaintSection.swift */ = {isa = PBXFileReference; lastKnownFileType = sourcecode.swift; path = SaintSection.swift; sourceTree = "<group>"; };
		AA000001000000000000104 /* VaticanNewsService.swift */ = {isa = PBXFileReference; lastKnownFileType = sourcecode.swift; path = VaticanNewsService.swift; sourceTree = "<group>"; };
		AA000001000000000000105 /* WikipediaService.swift */ = {isa = PBXFileReference; lastKnownFileType = sourcecode.swift; path = WikipediaService.swift; sourceTree = "<group>"; };
		AA000001000000000000106 /* SaintRepository.swift */ = {isa = PBXFileReference; lastKnownFileType = sourcecode.swift; path = SaintRepository.swift; sourceTree = "<group>"; };
		AA000001000000000000107 /* CacheService.swift */ = {isa = PBXFileReference; lastKnownFileType = sourcecode.swift; path = CacheService.swift; sourceTree = "<group>"; };
		AA000001000000000000108 /* NotificationService.swift */ = {isa = PBXFileReference; lastKnownFileType = sourcecode.swift; path = NotificationService.swift; sourceTree = "<group>"; };
		AA000001000000000000109 /* TodayViewModel.swift */ = {isa = PBXFileReference; lastKnownFileType = sourcecode.swift; path = TodayViewModel.swift; sourceTree = "<group>"; };
		AA000001000000000000110 /* SettingsViewModel.swift */ = {isa = PBXFileReference; lastKnownFileType = sourcecode.swift; path = SettingsViewModel.swift; sourceTree = "<group>"; };
		AA000001000000000000111 /* RootView.swift */ = {isa = PBXFileReference; lastKnownFileType = sourcecode.swift; path = RootView.swift; sourceTree = "<group>"; };
		AA000001000000000000112 /* TodayView.swift */ = {isa = PBXFileReference; lastKnownFileType = sourcecode.swift; path = TodayView.swift; sourceTree = "<group>"; };
		AA000001000000000000113 /* SaintHeroCard.swift */ = {isa = PBXFileReference; lastKnownFileType = sourcecode.swift; path = SaintHeroCard.swift; sourceTree = "<group>"; };
		AA000001000000000000114 /* QuickBioSnippet.swift */ = {isa = PBXFileReference; lastKnownFileType = sourcecode.swift; path = QuickBioSnippet.swift; sourceTree = "<group>"; };
		AA000001000000000000115 /* SaintDetailView.swift */ = {isa = PBXFileReference; lastKnownFileType = sourcecode.swift; path = SaintDetailView.swift; sourceTree = "<group>"; };
		AA000001000000000000116 /* SaintSectionView.swift */ = {isa = PBXFileReference; lastKnownFileType = sourcecode.swift; path = SaintSectionView.swift; sourceTree = "<group>"; };
		AA000001000000000000117 /* SaintImageView.swift */ = {isa = PBXFileReference; lastKnownFileType = sourcecode.swift; path = SaintImageView.swift; sourceTree = "<group>"; };
		AA000001000000000000118 /* OnboardingView.swift */ = {isa = PBXFileReference; lastKnownFileType = sourcecode.swift; path = OnboardingView.swift; sourceTree = "<group>"; };
		AA000001000000000000119 /* SettingsView.swift */ = {isa = PBXFileReference; lastKnownFileType = sourcecode.swift; path = SettingsView.swift; sourceTree = "<group>"; };
		AA000001000000000000120 /* ParchmentBackground.swift */ = {isa = PBXFileReference; lastKnownFileType = sourcecode.swift; path = ParchmentBackground.swift; sourceTree = "<group>"; };
		AA000001000000000000121 /* GoldDivider.swift */ = {isa = PBXFileReference; lastKnownFileType = sourcecode.swift; path = GoldDivider.swift; sourceTree = "<group>"; };
		AA000001000000000000122 /* LoadingView.swift */ = {isa = PBXFileReference; lastKnownFileType = sourcecode.swift; path = LoadingView.swift; sourceTree = "<group>"; };
		AA000001000000000000123 /* ErrorView.swift */ = {isa = PBXFileReference; lastKnownFileType = sourcecode.swift; path = ErrorView.swift; sourceTree = "<group>"; };
		AA000001000000000000124 /* Color+Theme.swift */ = {isa = PBXFileReference; lastKnownFileType = sourcecode.swift; path = "Color+Theme.swift"; sourceTree = "<group>"; };
		AA000001000000000000125 /* Font+Theme.swift */ = {isa = PBXFileReference; lastKnownFileType = sourcecode.swift; path = "Font+Theme.swift"; sourceTree = "<group>"; };
		AA000001000000000000126 /* View+CardStyle.swift */ = {isa = PBXFileReference; lastKnownFileType = sourcecode.swift; path = "View+CardStyle.swift"; sourceTree = "<group>"; };
		AA000001000000000000127 /* Assets.xcassets */ = {isa = PBXFileReference; lastKnownFileType = folder.assetcatalog; path = Assets.xcassets; sourceTree = "<group>"; };
		AA000001000000000000128 /* Info.plist */ = {isa = PBXFileReference; lastKnownFileType = text.plist.xml; path = Info.plist; sourceTree = "<group>"; };
		AA000001000000000000129 /* SaintPageView.swift */ = {isa = PBXFileReference; lastKnownFileType = sourcecode.swift; path = SaintPageView.swift; sourceTree = "<group>"; };
		AA000001000000000000130 /* FlipButton.swift */ = {isa = PBXFileReference; lastKnownFileType = sourcecode.swift; path = FlipButton.swift; sourceTree = "<group>"; };
		AA000001000000000000131 /* PageFlipContainer.swift */ = {isa = PBXFileReference; lastKnownFileType = sourcecode.swift; path = PageFlipContainer.swift; sourceTree = "<group>"; };
		AA000001000000000000132 /* DailyReading.swift */ = {isa = PBXFileReference; lastKnownFileType = sourcecode.swift; path = DailyReading.swift; sourceTree = "<group>"; };
		AA000001000000000000133 /* LiturgicalDay.swift */ = {isa = PBXFileReference; lastKnownFileType = sourcecode.swift; path = LiturgicalDay.swift; sourceTree = "<group>"; };
		AA000001000000000000134 /* DailyPrayer.swift */ = {isa = PBXFileReference; lastKnownFileType = sourcecode.swift; path = DailyPrayer.swift; sourceTree = "<group>"; };
		AA000001000000000000135 /* prayers.json */ = {isa = PBXFileReference; lastKnownFileType = text.json; path = prayers.json; sourceTree = "<group>"; };
		AA000001000000000000136 /* ReadingsService.swift */ = {isa = PBXFileReference; lastKnownFileType = sourcecode.swift; path = ReadingsService.swift; sourceTree = "<group>"; };
		AA000001000000000000137 /* LiturgicalCalendarService.swift */ = {isa = PBXFileReference; lastKnownFileType = sourcecode.swift; path = LiturgicalCalendarService.swift; sourceTree = "<group>"; };
		AA000001000000000000138 /* MenuButton.swift */ = {isa = PBXFileReference; lastKnownFileType = sourcecode.swift; path = MenuButton.swift; sourceTree = "<group>"; };
		AA000001000000000000139 /* MenuSheet.swift */ = {isa = PBXFileReference; lastKnownFileType = sourcecode.swift; path = MenuSheet.swift; sourceTree = "<group>"; };
		AA000001000000000000140 /* DailyPrayerView.swift */ = {isa = PBXFileReference; lastKnownFileType = sourcecode.swift; path = DailyPrayerView.swift; sourceTree = "<group>"; };
		AA000001000000000000141 /* DailyReadingsView.swift */ = {isa = PBXFileReference; lastKnownFileType = sourcecode.swift; path = DailyReadingsView.swift; sourceTree = "<group>"; };
		AA000001000000000000142 /* LiturgicalCalendarView.swift */ = {isa = PBXFileReference; lastKnownFileType = sourcecode.swift; path = LiturgicalCalendarView.swift; sourceTree = "<group>"; };
		AA000001000000000000143 /* ShimmerView.swift */ = {isa = PBXFileReference; lastKnownFileType = sourcecode.swift; path = ShimmerView.swift; sourceTree = "<group>"; };
		AA000001000000000000144 /* SaintShareCard.swift */ = {isa = PBXFileReference; lastKnownFileType = sourcecode.swift; path = SaintShareCard.swift; sourceTree = "<group>"; };
		AA000001000000000000145 /* View+RevealOnAppear.swift */ = {isa = PBXFileReference; lastKnownFileType = sourcecode.swift; path = "View+RevealOnAppear.swift"; sourceTree = "<group>"; };
		AA000001000000000000146 /* AppIconView.swift */ = {isa = PBXFileReference; lastKnownFileType = sourcecode.swift; path = AppIconView.swift; sourceTree = "<group>"; };
		AA000001000000000000147 /* AppIconExporter.swift */ = {isa = PBXFileReference; lastKnownFileType = sourcecode.swift; path = AppIconExporter.swift; sourceTree = "<group>"; };
		AA000001000000000000148 /* SaintOfTheDay.entitlements */ = {isa = PBXFileReference; lastKnownFileType = text.plist.entitlements; path = SaintOfTheDay.entitlements; sourceTree = "<group>"; };
		AA000001000000000000149 /* DatePickerOverlay.swift */ = {isa = PBXFileReference; lastKnownFileType = sourcecode.swift; path = DatePickerOverlay.swift; sourceTree = "<group>"; };
		B1090BE32F86C42B00672177 /* SaintQuoteCard.swift */ = {isa = PBXFileReference; lastKnownFileType = sourcecode.swift; path = SaintQuoteCard.swift; sourceTree = "<group>"; };
		B1090BE62F86D91A00672177 /* SavedSaintsStore.swift */ = {isa = PBXFileReference; lastKnownFileType = sourcecode.swift; path = SavedSaintsStore.swift; sourceTree = "<group>"; };
		B1090BE82F86D91A00672177 /* SavedView.swift */ = {isa = PBXFileReference; lastKnownFileType = sourcecode.swift; path = SavedView.swift; sourceTree = "<group>"; };
		B1090BEA2F86E64900672177 /* AppRouter.swift */ = {isa = PBXFileReference; lastKnownFileType = sourcecode.swift; path = AppRouter.swift; sourceTree = "<group>"; };
		B1090BEC2F86E64900672177 /* SaintScreenView.swift */ = {isa = PBXFileReference; lastKnownFileType = sourcecode.swift; path = SaintScreenView.swift; sourceTree = "<group>"; };
		B1090BEE2F86EB0A00672177 /* SaintQuoteService.swift */ = {isa = PBXFileReference; lastKnownFileType = sourcecode.swift; path = SaintQuoteService.swift; sourceTree = "<group>"; };
		B1090BF02F86EB0A00672177 /* saint_quotes.json */ = {isa = PBXFileReference; lastKnownFileType = text.json; path = saint_quotes.json; sourceTree = "<group>"; };
		B1090BF22F87FA0E00672177 /* GuidedRosaryMeditationsView.swift */ = {isa = PBXFileReference; lastKnownFileType = sourcecode.swift; path = GuidedRosaryMeditationsView.swift; sourceTree = "<group>"; };
		B1090BF42F88242A00672177 /* CatholicEncyclopediaService.swift */ = {isa = PBXFileReference; lastKnownFileType = sourcecode.swift; path = CatholicEncyclopediaService.swift; sourceTree = "<group>"; };
		B1090BF62F88294300672177 /* FranciscanMediaService.swift */ = {isa = PBXFileReference; lastKnownFileType = sourcecode.swift; path = FranciscanMediaService.swift; sourceTree = "<group>"; };
		B1090BF82F88508D00672177 /* SaintProfileService.swift */ = {isa = PBXFileReference; lastKnownFileType = sourcecode.swift; path = SaintProfileService.swift; sourceTree = "<group>"; };
		B1090BFA2F89364C00672177 /* saint_profiles.json */ = {isa = PBXFileReference; lastKnownFileType = text.json; path = saint_profiles.json; sourceTree = "<group>"; };
		B1090BFC2F893E6000672177 /* PrayerService.swift */ = {isa = PBXFileReference; lastKnownFileType = sourcecode.swift; path = PrayerService.swift; sourceTree = "<group>"; };
		B1090BFE2F893E6A00672177 /* SavedPrayersStore.swift */ = {isa = PBXFileReference; lastKnownFileType = sourcecode.swift; path = SavedPrayersStore.swift; sourceTree = "<group>"; };
		B1090C002F893E7600672177 /* PrayerViewModel.swift */ = {isa = PBXFileReference; lastKnownFileType = sourcecode.swift; path = PrayerViewModel.swift; sourceTree = "<group>"; };
		B1090C032F89436200672177 /* PrayerView.swift */ = {isa = PBXFileReference; lastKnownFileType = sourcecode.swift; path = PrayerView.swift; sourceTree = "<group>"; };
		B1090C052F89439000672177 /* PrayerLibraryView.swift */ = {isa = PBXFileReference; lastKnownFileType = sourcecode.swift; path = PrayerLibraryView.swift; sourceTree = "<group>"; };
		B1090C072F8E8C0200672177 /* SaintCardFallbackService.swift */ = {isa = PBXFileReference; lastKnownFileType = sourcecode.swift; path = SaintCardFallbackService.swift; sourceTree = "<group>"; };
		B1090C092F8E8C0200672177 /* saint_card_fallbacks.json */ = {isa = PBXFileReference; lastKnownFileType = text.json; path = saint_card_fallbacks.json; sourceTree = "<group>"; };
		AA000001000000000000150 /* SaintOfTheDayWidget.swift */ = {isa = PBXFileReference; lastKnownFileType = sourcecode.swift; path = SaintOfTheDayWidget.swift; sourceTree = "<group>"; };
		AA000001000000000000151 /* SaintWidgetBundle.swift */ = {isa = PBXFileReference; lastKnownFileType = sourcecode.swift; path = SaintWidgetBundle.swift; sourceTree = "<group>"; };
		AA000001000000000000152 /* SaintOfTheDayWidget-Info.plist */ = {isa = PBXFileReference; lastKnownFileType = text.plist.xml; path = Info.plist; sourceTree = "<group>"; };
		AA000001000000000000153 /* SaintOfTheDayWidget.entitlements */ = {isa = PBXFileReference; lastKnownFileType = text.plist.entitlements; path = SaintOfTheDayWidget.entitlements; sourceTree = "<group>"; };
		AA000001000000000000154 /* SaintWidgetDataBridge.swift */ = {isa = PBXFileReference; lastKnownFileType = sourcecode.swift; path = SaintWidgetDataBridge.swift; sourceTree = "<group>"; };
		AA000001000000000000155 /* SaintOfTheDayWidget.appex */ = {isa = PBXFileReference; explicitFileType = "wrapper.app-extension"; includeInIndex = 0; path = SaintOfTheDayWidget.appex; sourceTree = BUILT_PRODUCTS_DIR; };
/* End PBXFileReference section */

/* Begin PBXContainerItemProxy section */
		AA000001000000000000810 /* PBXContainerItemProxy */ = {
			isa = PBXContainerItemProxy;
			containerPortal = AA000001000000000000600 /* Project object */;
			proxyType = 1;
			remoteGlobalIDString = AA000001000000000000800;
			remoteInfo = SaintOfTheDayWidget;
		};
/* End PBXContainerItemProxy section */

/* Begin PBXCopyFilesBuildPhase section */
		AA000001000000000000804 /* Embed App Extensions */ = {
			isa = PBXCopyFilesBuildPhase;
			buildActionMask = 2147483647;
			dstPath = "";
			dstSubfolderSpec = 13;
			files = (
				AA000001000000000000056 /* SaintOfTheDayWidget.appex in Embed App Extensions */,
			);
			name = "Embed App Extensions";
			runOnlyForDeploymentPostprocessing = 0;
		};
/* End PBXCopyFilesBuildPhase section */

/* Begin PBXFrameworksBuildPhase section */
		AA000001000000000000200 /* Frameworks */ = {
			isa = PBXFrameworksBuildPhase;
			buildActionMask = 2147483647;
			files = (
			);
			runOnlyForDeploymentPostprocessing = 0;
		};
		AA000001000000000000803 /* Frameworks */ = {
			isa = PBXFrameworksBuildPhase;
			buildActionMask = 2147483647;
			files = (
			);
			runOnlyForDeploymentPostprocessing = 0;
		};
/* End PBXFrameworksBuildPhase section */

/* Begin PBXGroup section */
		AA000001000000000000300 = {
			isa = PBXGroup;
			children = (
				AA000001000000000000310 /* SaintOfTheDay */,
				AA000001000000000000808 /* SaintOfTheDayWidget */,
				AA000001000000000000320 /* Products */,
			);
			sourceTree = "<group>";
		};
		AA000001000000000000808 /* SaintOfTheDayWidget */ = {
			isa = PBXGroup;
			children = (
				AA000001000000000000150 /* SaintOfTheDayWidget.swift */,
				AA000001000000000000151 /* SaintWidgetBundle.swift */,
				AA000001000000000000152 /* SaintOfTheDayWidget-Info.plist */,
				AA000001000000000000153 /* SaintOfTheDayWidget.entitlements */,
			);
			path = SaintOfTheDayWidget;
			sourceTree = "<group>";
		};
		AA000001000000000000310 /* SaintOfTheDay */ = {
			isa = PBXGroup;
			children = (
				AA000001000000000000101 /* SaintOfTheDayApp.swift */,
				AA000001000000000000127 /* Assets.xcassets */,
				AA000001000000000000128 /* Info.plist */,
				AA000001000000000000148 /* SaintOfTheDay.entitlements */,
				AA000001000000000000311 /* Models */,
				AA000001000000000000312 /* Services */,
				AA000001000000000000313 /* ViewModels */,
				AA000001000000000000314 /* Views */,
				AA000001000000000000315 /* Extensions */,
				AA000001000000000000331 /* Resources */,
				AA000001000000000000333 /* Utilities */,
			);
			path = SaintOfTheDay;
			sourceTree = "<group>";
		};
		AA000001000000000000311 /* Models */ = {
			isa = PBXGroup;
			children = (
				AA000001000000000000102 /* Saint.swift */,
				AA000001000000000000103 /* SaintSection.swift */,
				AA000001000000000000132 /* DailyReading.swift */,
				AA000001000000000000133 /* LiturgicalDay.swift */,
				AA000001000000000000134 /* DailyPrayer.swift */,
			);
			path = Models;
			sourceTree = "<group>";
		};
		AA000001000000000000312 /* Services */ = {
			isa = PBXGroup;
			children = (
				AA000001000000000000104 /* VaticanNewsService.swift */,
				AA000001000000000000105 /* WikipediaService.swift */,
				AA000001000000000000106 /* SaintRepository.swift */,
				AA000001000000000000107 /* CacheService.swift */,
				AA000001000000000000108 /* NotificationService.swift */,
				AA000001000000000000136 /* ReadingsService.swift */,
				AA000001000000000000137 /* LiturgicalCalendarService.swift */,
				B1090BE62F86D91A00672177 /* SavedSaintsStore.swift */,
				B1090BEA2F86E64900672177 /* AppRouter.swift */,
				B1090BEE2F86EB0A00672177 /* SaintQuoteService.swift */,
				B1090BF42F88242A00672177 /* CatholicEncyclopediaService.swift */,
				B1090BF62F88294300672177 /* FranciscanMediaService.swift */,
				B1090BF82F88508D00672177 /* SaintProfileService.swift */,
				B1090BFC2F893E6000672177 /* PrayerService.swift */,
				B1090BFE2F893E6A00672177 /* SavedPrayersStore.swift */,
				B1090C072F8E8C0200672177 /* SaintCardFallbackService.swift */,
				AA000001000000000000154 /* SaintWidgetDataBridge.swift */,
			);
			path = Services;
			sourceTree = "<group>";
		};
		AA000001000000000000313 /* ViewModels */ = {
			isa = PBXGroup;
			children = (
				AA000001000000000000109 /* TodayViewModel.swift */,
				AA000001000000000000110 /* SettingsViewModel.swift */,
				B1090C002F893E7600672177 /* PrayerViewModel.swift */,
			);
			path = ViewModels;
			sourceTree = "<group>";
		};
		AA000001000000000000314 /* Views */ = {
			isa = PBXGroup;
			children = (
				AA000001000000000000111 /* RootView.swift */,
				AA000001000000000000146 /* AppIconView.swift */,
				AA000001000000000000316 /* Today */,
				AA000001000000000000317 /* Detail */,
				AA000001000000000000318 /* Onboarding */,
				AA000001000000000000319 /* Settings */,
				AA000001000000000000330 /* Shared */,
				AA000001000000000000332 /* Menu */,
				B1090BE52F86D8F400672177 /* Saved 2 */,
				B1090C022F89425100672177 /* Prayer */,
			);
			path = Views;
			sourceTree = "<group>";
		};
		AA000001000000000000315 /* Extensions */ = {
			isa = PBXGroup;
			children = (
				AA000001000000000000124 /* Color+Theme.swift */,
				AA000001000000000000125 /* Font+Theme.swift */,
				AA000001000000000000126 /* View+CardStyle.swift */,
				AA000001000000000000145 /* View+RevealOnAppear.swift */,
			);
			path = Extensions;
			sourceTree = "<group>";
		};
		AA000001000000000000316 /* Today */ = {
			isa = PBXGroup;
			children = (
				AA000001000000000000112 /* TodayView.swift */,
				AA000001000000000000113 /* SaintHeroCard.swift */,
				AA000001000000000000114 /* QuickBioSnippet.swift */,
				AA000001000000000000129 /* SaintPageView.swift */,
				AA000001000000000000130 /* FlipButton.swift */,
				AA000001000000000000131 /* PageFlipContainer.swift */,
				B1090BE32F86C42B00672177 /* SaintQuoteCard.swift */,
				B1090BEC2F86E64900672177 /* SaintScreenView.swift */,
			);
			path = Today;
			sourceTree = "<group>";
		};
		AA000001000000000000317 /* Detail */ = {
			isa = PBXGroup;
			children = (
				AA000001000000000000115 /* SaintDetailView.swift */,
				AA000001000000000000116 /* SaintSectionView.swift */,
				AA000001000000000000117 /* SaintImageView.swift */,
			);
			path = Detail;
			sourceTree = "<group>";
		};
		AA000001000000000000318 /* Onboarding */ = {
			isa = PBXGroup;
			children = (
				AA000001000000000000118 /* OnboardingView.swift */,
			);
			path = Onboarding;
			sourceTree = "<group>";
		};
		AA000001000000000000319 /* Settings */ = {
			isa = PBXGroup;
			children = (
				AA000001000000000000119 /* SettingsView.swift */,
			);
			path = Settings;
			sourceTree = "<group>";
		};
        AA000001000000000000320 /* Products */ = {
            isa = PBXGroup;
            children = (
                AA000001000000000000100 /* Sancta | Catholic Prayer App.app */,
                AA000001000000000000155 /* SaintOfTheDayWidget.appex */,
            );
            name = Products;
            sourceTree = "<group>";
		};
		AA000001000000000000330 /* Shared */ = {
			isa = PBXGroup;
			children = (
				AA000001000000000000120 /* ParchmentBackground.swift */,
				AA000001000000000000121 /* GoldDivider.swift */,
				AA000001000000000000122 /* LoadingView.swift */,
				AA000001000000000000123 /* ErrorView.swift */,
				AA000001000000000000143 /* ShimmerView.swift */,
				AA000001000000000000144 /* SaintShareCard.swift */,
				AA000001000000000000149 /* DatePickerOverlay.swift */,
			);
			path = Shared;
			sourceTree = "<group>";
		};
		AA000001000000000000331 /* Resources */ = {
			isa = PBXGroup;
			children = (
				AA000001000000000000135 /* prayers.json */,
				B1090BF02F86EB0A00672177 /* saint_quotes.json */,
				B1090BFA2F89364C00672177 /* saint_profiles.json */,
				B1090C092F8E8C0200672177 /* saint_card_fallbacks.json */,
			);
			path = Resources;
			sourceTree = "<group>";
		};
		AA000001000000000000332 /* Menu */ = {
			isa = PBXGroup;
			children = (
				AA000001000000000000138 /* MenuButton.swift */,
				AA000001000000000000139 /* MenuSheet.swift */,
				AA000001000000000000140 /* DailyPrayerView.swift */,
				AA000001000000000000141 /* DailyReadingsView.swift */,
				AA000001000000000000142 /* LiturgicalCalendarView.swift */,
				B1090BF22F87FA0E00672177 /* GuidedRosaryMeditationsView.swift */,
			);
			path = Menu;
			sourceTree = "<group>";
		};
		AA000001000000000000333 /* Utilities */ = {
			isa = PBXGroup;
			children = (
				AA000001000000000000147 /* AppIconExporter.swift */,
			);
			path = Utilities;
			sourceTree = "<group>";
		};
		B1090BE52F86D8F400672177 /* Saved 2 */ = {
			isa = PBXGroup;
			children = (
				B1090BE82F86D91A00672177 /* SavedView.swift */,
			);
			path = "Saved 2";
			sourceTree = "<group>";
		};
		B1090C022F89425100672177 /* Prayer */ = {
			isa = PBXGroup;
			children = (
				B1090C032F89436200672177 /* PrayerView.swift */,
				B1090C052F89439000672177 /* PrayerLibraryView.swift */,
			);
			path = Prayer;
			sourceTree = "<group>";
		};
/* End PBXGroup section */

/* Begin PBXNativeTarget section */
		AA000001000000000000400 /* SaintOfTheDay */ = {
			isa = PBXNativeTarget;
			buildConfigurationList = AA000001000000000000500 /* Build configuration list for PBXNativeTarget "SaintOfTheDay" */;
			buildPhases = (
				AA000001000000000000200 /* Frameworks */,
				AA000001000000000000401 /* Sources */,
				AA000001000000000000402 /* Resources */,
				AA000001000000000000804 /* Embed App Extensions */,
			);
			buildRules = (
			);
			dependencies = (
				AA000001000000000000809 /* PBXTargetDependency */,
			);
			name = SaintOfTheDay;
			productName = SaintOfTheDay;
			productReference = AA000001000000000000100 /* Sancta | Catholic Prayer App.app */;
			productType = "com.apple.product-type.application";
		};
		AA000001000000000000800 /* SaintOfTheDayWidget */ = {
			isa = PBXNativeTarget;
			buildConfigurationList = AA000001000000000000805 /* Build configuration list for PBXNativeTarget "SaintOfTheDayWidget" */;
			buildPhases = (
				AA000001000000000000803 /* Frameworks */,
				AA000001000000000000801 /* Sources */,
				AA000001000000000000802 /* Resources */,
			);
			buildRules = (
			);
			dependencies = (
			);
			name = SaintOfTheDayWidget;
			productName = SaintOfTheDayWidget;
			productReference = AA000001000000000000155 /* SaintOfTheDayWidget.appex */;
			productType = "com.apple.product-type.app-extension";
		};
/* End PBXNativeTarget section */

/* Begin PBXTargetDependency section */
		AA000001000000000000809 /* PBXTargetDependency */ = {
			isa = PBXTargetDependency;
			target = AA000001000000000000800 /* SaintOfTheDayWidget */;
			targetProxy = AA000001000000000000810 /* PBXContainerItemProxy */;
		};
/* End PBXTargetDependency section */

/* Begin PBXProject section */
		AA000001000000000000600 /* Project object */ = {
			isa = PBXProject;
			attributes = {
				BuildIndependentTargetsInParallel = 1;
				LastSwiftUpdateCheck = 1500;
				LastUpgradeCheck = 2640;
				TargetAttributes = {
					AA000001000000000000400 = {
						CreatedOnToolsVersion = 15.0;
					};
					AA000001000000000000800 = {
						CreatedOnToolsVersion = 15.0;
					};
				};
			};
			buildConfigurationList = AA000001000000000000700 /* Build configuration list for PBXProject "SaintOfTheDay" */;
			compatibilityVersion = "Xcode 14.0";
			developmentRegion = en;
			hasScannedForEncodings = 0;
			knownRegions = (
				en,
				Base,
			);
			mainGroup = AA000001000000000000300;
			productRefGroup = AA000001000000000000320 /* Products */;
			projectDirPath = "";
			projectRoot = "";
			targets = (
				AA000001000000000000400 /* SaintOfTheDay */,
				AA000001000000000000800 /* SaintOfTheDayWidget */,
			);
		};
/* End PBXProject section */

/* Begin PBXResourcesBuildPhase section */
		AA000001000000000000802 /* Resources */ = {
			isa = PBXResourcesBuildPhase;
			buildActionMask = 2147483647;
			files = (
			);
			runOnlyForDeploymentPostprocessing = 0;
		};
		AA000001000000000000402 /* Resources */ = {
			isa = PBXResourcesBuildPhase;
			buildActionMask = 2147483647;
			files = (
				B1090C0A2F8E8C0200672177 /* saint_card_fallbacks.json in Resources */,
				AA000001000000000000027 /* Assets.xcassets in Resources */,
				B1090BFB2F89364C00672177 /* saint_profiles.json in Resources */,
				B1090BF12F86EB0A00672177 /* saint_quotes.json in Resources */,
				AA000001000000000000034 /* prayers.json in Resources */,
			);
			runOnlyForDeploymentPostprocessing = 0;
		};
/* End PBXResourcesBuildPhase section */

/* Begin PBXSourcesBuildPhase section */
		AA000001000000000000401 /* Sources */ = {
			isa = PBXSourcesBuildPhase;
			buildActionMask = 2147483647;
			files = (
				AA000001000000000000001 /* SaintOfTheDayApp.swift in Sources */,
				AA000001000000000000002 /* Saint.swift in Sources */,
				AA000001000000000000003 /* SaintSection.swift in Sources */,
				B1090C042F89436200672177 /* PrayerView.swift in Sources */,
				AA000001000000000000004 /* VaticanNewsService.swift in Sources */,
				AA000001000000000000005 /* WikipediaService.swift in Sources */,
				B1090BF92F88508D00672177 /* SaintProfileService.swift in Sources */,
				B1090C012F893E7600672177 /* PrayerViewModel.swift in Sources */,
				B1090BE42F86C42B00672177 /* SaintQuoteCard.swift in Sources */,
				AA000001000000000000006 /* SaintRepository.swift in Sources */,
				AA000001000000000000007 /* CacheService.swift in Sources */,
				AA000001000000000000008 /* NotificationService.swift in Sources */,
				B1090BF72F88294300672177 /* FranciscanMediaService.swift in Sources */,
				AA000001000000000000009 /* TodayViewModel.swift in Sources */,
				AA000001000000000000010 /* SettingsViewModel.swift in Sources */,
				B1090C082F8E8C0200672177 /* SaintCardFallbackService.swift in Sources */,
				AA000001000000000000011 /* RootView.swift in Sources */,
				AA000001000000000000012 /* TodayView.swift in Sources */,
				AA000001000000000000013 /* SaintHeroCard.swift in Sources */,
				AA000001000000000000014 /* QuickBioSnippet.swift in Sources */,
				AA000001000000000000015 /* SaintDetailView.swift in Sources */,
				AA000001000000000000016 /* SaintSectionView.swift in Sources */,
				AA000001000000000000017 /* SaintImageView.swift in Sources */,
				AA000001000000000000018 /* OnboardingView.swift in Sources */,
				AA000001000000000000019 /* SettingsView.swift in Sources */,
				AA000001000000000000020 /* ParchmentBackground.swift in Sources */,
				AA000001000000000000021 /* GoldDivider.swift in Sources */,
				AA000001000000000000022 /* LoadingView.swift in Sources */,
				B1090BED2F86E64900672177 /* SaintScreenView.swift in Sources */,
				AA000001000000000000023 /* ErrorView.swift in Sources */,
				AA000001000000000000024 /* Color+Theme.swift in Sources */,
				AA000001000000000000025 /* Font+Theme.swift in Sources */,
				AA000001000000000000026 /* View+CardStyle.swift in Sources */,
				AA000001000000000000028 /* SaintPageView.swift in Sources */,
				B1090BFD2F893E6000672177 /* PrayerService.swift in Sources */,
				AA000001000000000000029 /* FlipButton.swift in Sources */,
				B1090BF32F87FA0E00672177 /* GuidedRosaryMeditationsView.swift in Sources */,
				AA000001000000000000030 /* PageFlipContainer.swift in Sources */,
				AA000001000000000000031 /* DailyReading.swift in Sources */,
				B1090BEF2F86EB0A00672177 /* SaintQuoteService.swift in Sources */,
				B1090C062F89439000672177 /* PrayerLibraryView.swift in Sources */,
				AA000001000000000000032 /* LiturgicalDay.swift in Sources */,
				AA000001000000000000033 /* DailyPrayer.swift in Sources */,
				AA000001000000000000035 /* ReadingsService.swift in Sources */,
				AA000001000000000000036 /* LiturgicalCalendarService.swift in Sources */,
				AA000001000000000000037 /* MenuButton.swift in Sources */,
				AA000001000000000000038 /* MenuSheet.swift in Sources */,
				B1090BF52F88242A00672177 /* CatholicEncyclopediaService.swift in Sources */,
				AA000001000000000000039 /* DailyPrayerView.swift in Sources */,
				AA000001000000000000040 /* DailyReadingsView.swift in Sources */,
				B1090BE72F86D91A00672177 /* SavedSaintsStore.swift in Sources */,
				AA000001000000000000041 /* LiturgicalCalendarView.swift in Sources */,
				B1090BFF2F893E6A00672177 /* SavedPrayersStore.swift in Sources */,
				AA000001000000000000042 /* ShimmerView.swift in Sources */,
				AA000001000000000000043 /* SaintShareCard.swift in Sources */,
				AA000001000000000000044 /* View+RevealOnAppear.swift in Sources */,
				B1090BEB2F86E64900672177 /* AppRouter.swift in Sources */,
				AA000001000000000000045 /* AppIconView.swift in Sources */,
				AA000001000000000000046 /* AppIconExporter.swift in Sources */,
				AA000001000000000000047 /* DatePickerOverlay.swift in Sources */,
				AA000001000000000000055 /* SaintWidgetDataBridge.swift in Sources */,
				B1090BE92F86D91A00672177 /* SavedView.swift in Sources */,
			);
			runOnlyForDeploymentPostprocessing = 0;
		};
		AA000001000000000000801 /* Sources */ = {
			isa = PBXSourcesBuildPhase;
			buildActionMask = 2147483647;
			files = (
				AA000001000000000000053 /* SaintOfTheDayWidget.swift in Sources */,
				AA000001000000000000054 /* SaintWidgetBundle.swift in Sources */,
			);
			runOnlyForDeploymentPostprocessing = 0;
		};
/* End PBXSourcesBuildPhase section */

/* Begin XCBuildConfiguration section */
		AA000001000000000000501 /* Debug */ = {
			isa = XCBuildConfiguration;
			buildSettings = {
				ASSETCATALOG_COMPILER_APPICON_NAME = AppIcon;
				ASSETCATALOG_COMPILER_GLOBAL_ACCENT_COLOR_NAME = AccentColor;
				CODE_SIGN_ENTITLEMENTS = SaintOfTheDay/SaintOfTheDay.entitlements;
				CODE_SIGN_STYLE = Automatic;
				CURRENT_PROJECT_VERSION = 1;
				DEVELOPMENT_TEAM = J7F5F8F43A;
				GENERATE_INFOPLIST_FILE = NO;
				INFOPLIST_FILE = SaintOfTheDay/Info.plist;
				INFOPLIST_KEY_CFBundleDisplayName = "Saint of the Day";
				INFOPLIST_KEY_LSApplicationCategoryType = "public.app-category.education";
				IPHONEOS_DEPLOYMENT_TARGET = 17.0;
				LD_RUNPATH_SEARCH_PATHS = (
					"$(inherited)",
					"@executable_path/Frameworks",
				);
				MARKETING_VERSION = 1.0;
				PRODUCT_BUNDLE_IDENTIFIER = com.augustusrayze.saintoftheday;
				PRODUCT_NAME = "Sancta | Catholic Prayer App";
				SWIFT_EMIT_LOC_STRINGS = YES;
				SWIFT_VERSION = 5.0;
				TARGETED_DEVICE_FAMILY = 1;
			};
			name = Debug;
		};
		AA000001000000000000502 /* Release */ = {
			isa = XCBuildConfiguration;
			buildSettings = {
				ASSETCATALOG_COMPILER_APPICON_NAME = AppIcon;
				ASSETCATALOG_COMPILER_GLOBAL_ACCENT_COLOR_NAME = AccentColor;
				CODE_SIGN_ENTITLEMENTS = SaintOfTheDay/SaintOfTheDay.entitlements;
				CODE_SIGN_STYLE = Automatic;
				CURRENT_PROJECT_VERSION = 1;
				DEVELOPMENT_TEAM = J7F5F8F43A;
				GENERATE_INFOPLIST_FILE = NO;
				INFOPLIST_FILE = SaintOfTheDay/Info.plist;
				INFOPLIST_KEY_CFBundleDisplayName = "Saint of the Day";
				INFOPLIST_KEY_LSApplicationCategoryType = "public.app-category.education";
				IPHONEOS_DEPLOYMENT_TARGET = 17.0;
				LD_RUNPATH_SEARCH_PATHS = (
					"$(inherited)",
					"@executable_path/Frameworks",
				);
				MARKETING_VERSION = 1.0;
				PRODUCT_BUNDLE_IDENTIFIER = com.augustusrayze.saintoftheday;
				PRODUCT_NAME = "Sancta | Catholic Prayer App";
				SWIFT_EMIT_LOC_STRINGS = YES;
				SWIFT_VERSION = 5.0;
				TARGETED_DEVICE_FAMILY = 1;
			};
			name = Release;
		};
		AA000001000000000000806 /* Debug */ = {
			isa = XCBuildConfiguration;
			buildSettings = {
				CODE_SIGN_ENTITLEMENTS = SaintOfTheDayWidget/SaintOfTheDayWidget.entitlements;
				CODE_SIGN_STYLE = Automatic;
				CURRENT_PROJECT_VERSION = 1;
				DEVELOPMENT_TEAM = J7F5F8F43A;
				GENERATE_INFOPLIST_FILE = NO;
				INFOPLIST_FILE = SaintOfTheDayWidget/Info.plist;
				IPHONEOS_DEPLOYMENT_TARGET = 17.0;
				LD_RUNPATH_SEARCH_PATHS = (
					"$(inherited)",
					"@executable_path/Frameworks",
					"@executable_path/../../Frameworks",
				);
				MARKETING_VERSION = 1.0;
				PRODUCT_BUNDLE_IDENTIFIER = com.augustusrayze.saintoftheday.widget;
				PRODUCT_NAME = "$(TARGET_NAME)";
				SKIP_INSTALL = YES;
				SWIFT_EMIT_LOC_STRINGS = YES;
				SWIFT_VERSION = 5.0;
				TARGETED_DEVICE_FAMILY = 1;
			};
			name = Debug;
		};
		AA000001000000000000807 /* Release */ = {
			isa = XCBuildConfiguration;
			buildSettings = {
				CODE_SIGN_ENTITLEMENTS = SaintOfTheDayWidget/SaintOfTheDayWidget.entitlements;
				CODE_SIGN_STYLE = Automatic;
				CURRENT_PROJECT_VERSION = 1;
				DEVELOPMENT_TEAM = J7F5F8F43A;
				GENERATE_INFOPLIST_FILE = NO;
				INFOPLIST_FILE = SaintOfTheDayWidget/Info.plist;
				IPHONEOS_DEPLOYMENT_TARGET = 17.0;
				LD_RUNPATH_SEARCH_PATHS = (
					"$(inherited)",
					"@executable_path/Frameworks",
					"@executable_path/../../Frameworks",
				);
				MARKETING_VERSION = 1.0;
				PRODUCT_BUNDLE_IDENTIFIER = com.augustusrayze.saintoftheday.widget;
				PRODUCT_NAME = "$(TARGET_NAME)";
				SKIP_INSTALL = YES;
				SWIFT_EMIT_LOC_STRINGS = YES;
				SWIFT_VERSION = 5.0;
				TARGETED_DEVICE_FAMILY = 1;
			};
			name = Release;
		};
		AA000001000000000000701 /* Debug */ = {
			isa = XCBuildConfiguration;
			buildSettings = {
				ALWAYS_SEARCH_USER_PATHS = NO;
				ASSETCATALOG_COMPILER_GENERATE_SWIFT_ASSET_SYMBOL_EXTENSIONS = YES;
				CLANG_ANALYZER_NONNULL = YES;
				CLANG_ANALYZER_NUMBER_OBJECT_CONVERSION = YES_AGGRESSIVE;
				CLANG_CXX_LANGUAGE_STANDARD = "gnu++20";
				CLANG_ENABLE_MODULES = YES;
				CLANG_ENABLE_OBJC_ARC = YES;
				CLANG_ENABLE_OBJC_WEAK = YES;
				CLANG_WARN_BLOCK_CAPTURE_AUTORELEASING = YES;
				CLANG_WARN_BOOL_CONVERSION = YES;
				CLANG_WARN_COMMA = YES;
				CLANG_WARN_CONSTANT_CONVERSION = YES;
				CLANG_WARN_DEPRECATED_OBJC_IMPLEMENTATIONS = YES;
				CLANG_WARN_DIRECT_OBJC_ISA_USAGE = YES_ERROR;
				CLANG_WARN_DOCUMENTATION_COMMENTS = YES;
				CLANG_WARN_EMPTY_BODY = YES;
				CLANG_WARN_ENUM_CONVERSION = YES;
				CLANG_WARN_INFINITE_RECURSION = YES;
				CLANG_WARN_INT_CONVERSION = YES;
				CLANG_WARN_NON_LITERAL_NULL_CONVERSION = YES;
				CLANG_WARN_OBJC_IMPLICIT_RETAIN_SELF = YES;
				CLANG_WARN_OBJC_LITERAL_CONVERSION = YES;
				CLANG_WARN_OBJC_ROOT_CLASS = YES_ERROR;
				CLANG_WARN_QUOTED_INCLUDE_IN_FRAMEWORK_HEADER = YES;
				CLANG_WARN_RANGE_LOOP_ANALYSIS = YES;
				CLANG_WARN_STRICT_PROTOTYPES = YES;
				CLANG_WARN_SUSPICIOUS_MOVE = YES;
				CLANG_WARN_UNGUARDED_AVAILABILITY = YES_AGGRESSIVE;
				CLANG_WARN_UNREACHABLE_CODE = YES;
				CLANG_WARN__DUPLICATE_METHOD_MATCH = YES;
				COPY_PHASE_STRIP = NO;
				DEBUG_INFORMATION_FORMAT = dwarf;
				DEVELOPMENT_TEAM = J7F5F8F43A;
				ENABLE_STRICT_OBJC_MSGSEND = YES;
				ENABLE_TESTABILITY = YES;
				ENABLE_USER_SCRIPT_SANDBOXING = YES;
				GCC_C_LANGUAGE_STANDARD = gnu11;
				GCC_DYNAMIC_NO_PIC = NO;
				GCC_NO_COMMON_BLOCKS = YES;
				GCC_OPTIMIZATION_LEVEL = 0;
				GCC_PREPROCESSOR_DEFINITIONS = (
					"DEBUG=1",
					"$(inherited)",
				);
				GCC_WARN_64_TO_32_BIT_CONVERSION = YES;
				GCC_WARN_ABOUT_RETURN_TYPE = YES_ERROR;
				GCC_WARN_UNDECLARED_SELECTOR = YES;
				GCC_WARN_UNINITIALIZED_AUTOS = YES_AGGRESSIVE;
				GCC_WARN_UNUSED_FUNCTION = YES;
				GCC_WARN_UNUSED_VARIABLE = YES;
				IPHONEOS_DEPLOYMENT_TARGET = 17.0;
				MTL_ENABLE_DEBUG_INFO = INCLUDE_SOURCE;
				MTL_FAST_MATH = YES;
				ONLY_ACTIVE_ARCH = YES;
				SDKROOT = iphoneos;
				STRING_CATALOG_GENERATE_SYMBOLS = YES;
				SWIFT_ACTIVE_COMPILATION_CONDITIONS = DEBUG;
				SWIFT_OPTIMIZATION_LEVEL = "-Onone";
			};
			name = Debug;
		};
		AA000001000000000000702 /* Release */ = {
			isa = XCBuildConfiguration;
			buildSettings = {
				ALWAYS_SEARCH_USER_PATHS = NO;
				ASSETCATALOG_COMPILER_GENERATE_SWIFT_ASSET_SYMBOL_EXTENSIONS = YES;
				CLANG_ANALYZER_NONNULL = YES;
				CLANG_ANALYZER_NUMBER_OBJECT_CONVERSION = YES_AGGRESSIVE;
				CLANG_CXX_LANGUAGE_STANDARD = "gnu++20";
				CLANG_ENABLE_MODULES = YES;
				CLANG_ENABLE_OBJC_ARC = YES;
				CLANG_ENABLE_OBJC_WEAK = YES;
				CLANG_WARN_BLOCK_CAPTURE_AUTORELEASING = YES;
				CLANG_WARN_BOOL_CONVERSION = YES;
				CLANG_WARN_COMMA = YES;
				CLANG_WARN_CONSTANT_CONVERSION = YES;
				CLANG_WARN_DEPRECATED_OBJC_IMPLEMENTATIONS = YES;
				CLANG_WARN_DIRECT_OBJC_ISA_USAGE = YES_ERROR;
				CLANG_WARN_DOCUMENTATION_COMMENTS = YES;
				CLANG_WARN_EMPTY_BODY = YES;
				CLANG_WARN_ENUM_CONVERSION = YES;
				CLANG_WARN_INFINITE_RECURSION = YES;
				CLANG_WARN_INT_CONVERSION = YES;
				CLANG_WARN_NON_LITERAL_NULL_CONVERSION = YES;
				CLANG_WARN_OBJC_IMPLICIT_RETAIN_SELF = YES;
				CLANG_WARN_OBJC_LITERAL_CONVERSION = YES;
				CLANG_WARN_OBJC_ROOT_CLASS = YES_ERROR;
				CLANG_WARN_QUOTED_INCLUDE_IN_FRAMEWORK_HEADER = YES;
				CLANG_WARN_RANGE_LOOP_ANALYSIS = YES;
				CLANG_WARN_STRICT_PROTOTYPES = YES;
				CLANG_WARN_SUSPICIOUS_MOVE = YES;
				CLANG_WARN_UNGUARDED_AVAILABILITY = YES_AGGRESSIVE;
				CLANG_WARN_UNREACHABLE_CODE = YES;
				CLANG_WARN__DUPLICATE_METHOD_MATCH = YES;
				COPY_PHASE_STRIP = NO;
				DEBUG_INFORMATION_FORMAT = "dwarf-with-dsym";
				DEVELOPMENT_TEAM = J7F5F8F43A;
				ENABLE_NS_ASSERTIONS = NO;
				ENABLE_STRICT_OBJC_MSGSEND = YES;
				ENABLE_USER_SCRIPT_SANDBOXING = YES;
				GCC_C_LANGUAGE_STANDARD = gnu11;
				GCC_NO_COMMON_BLOCKS = YES;
				GCC_WARN_64_TO_32_BIT_CONVERSION = YES;
				GCC_WARN_ABOUT_RETURN_TYPE = YES_ERROR;
				GCC_WARN_UNDECLARED_SELECTOR = YES;
				GCC_WARN_UNINITIALIZED_AUTOS = YES_AGGRESSIVE;
				GCC_WARN_UNUSED_FUNCTION = YES;
				GCC_WARN_UNUSED_VARIABLE = YES;
				IPHONEOS_DEPLOYMENT_TARGET = 17.0;
				MTL_ENABLE_DEBUG_INFO = NO;
				MTL_FAST_MATH = YES;
				SDKROOT = iphoneos;
				STRING_CATALOG_GENERATE_SYMBOLS = YES;
				SWIFT_COMPILATION_MODE = wholemodule;
				SWIFT_OPTIMIZATION_LEVEL = "-O";
				VALIDATE_PRODUCT = YES;
			};
			name = Release;
		};
/* End XCBuildConfiguration section */

/* Begin XCConfigurationList section */
		AA000001000000000000805 /* Build configuration list for PBXNativeTarget "SaintOfTheDayWidget" */ = {
			isa = XCConfigurationList;
			buildConfigurations = (
				AA000001000000000000806 /* Debug */,
				AA000001000000000000807 /* Release */,
			);
			defaultConfigurationIsVisible = 0;
			defaultConfigurationName = Release;
		};
		AA000001000000000000500 /* Build configuration list for PBXNativeTarget "SaintOfTheDay" */ = {
			isa = XCConfigurationList;
			buildConfigurations = (
				AA000001000000000000501 /* Debug */,
				AA000001000000000000502 /* Release */,
			);
			defaultConfigurationIsVisible = 0;
			defaultConfigurationName = Release;
		};
		AA000001000000000000700 /* Build configuration list for PBXProject "SaintOfTheDay" */ = {
			isa = XCConfigurationList;
			buildConfigurations = (
				AA000001000000000000701 /* Debug */,
				AA000001000000000000702 /* Release */,
			);
			defaultConfigurationIsVisible = 0;
			defaultConfigurationName = Release;
		};
/* End XCConfigurationList section */
	};
	rootObject = AA000001000000000000600 /* Project object */;
}
